
Microsoft Visual Studio Solution File, Format Version 12.00
# Visual Studio Version 17
VisualStudioVersion = 17.2.32519.379
MinimumVisualStudioVersion = 10.0.40219.1
Project("{FAE04EC0-301F-11D3-BF4B-00C04F79EFBC}") = "Condicionales", "Condicionales.csproj", "{359BD1EC-6470-4059-96B3-41EE1D116A04}"
EndProject
Global
	GlobalSection(SolutionConfigurationPlatforms) = preSolution
		Debug|Any CPU = Debug|Any CPU
		Release|Any CPU = Release|Any CPU
	EndGlobalSection
	GlobalSection(ProjectConfigurationPlatforms) = postSolution
		{359BD1EC-6470-4059-96B3-41EE1D116A04}.Debug|Any CPU.ActiveCfg = Debug|Any CPU
		{359BD1EC-6470-4059-96B3-41EE1D116A04}.Debug|Any CPU.Build.0 = Debug|Any CPU
		{359BD1EC-6470-4059-96B3-41EE1D116A04}.Release|Any CPU.ActiveCfg = Release|Any CPU
		{359BD1EC-6470-4059-96B3-41EE1D116A04}.Release|Any CPU.Build.0 = Release|Any CPU
	EndGlobalSection
	GlobalSection(SolutionProperties) = preSolution
		HideSolutionNode = FALSE
	EndGlobalSection
	GlobalSection(ExtensibilityGlobals) = postSolution
		SolutionGuid = {E7070AF1-CAAF-467D-919E-C8A0AEE4E7E0}
	EndGlobalSection
EndGlobal
